// !$*UTF8*$!
{
	archiveVersion = 1;
	classes = {
	};
	objectVersion = 46;
	objects = {

/* Begin PBXBuildFile section */
		84A26B501AAEE30F005A563E /* AppDelegate.swift in Sources */ = {isa = PBXBuildFile; fileRef = 84A26B4F1AAEE30F005A563E /* AppDelegate.swift */; };
		84A26B521AAEE30F005A563E /* ViewController.swift in Sources */ = {isa = PBXBuildFile; fileRef = 84A26B511AAEE30F005A563E /* ViewController.swift */; };
		84A26B551AAEE30F005A563E /* Main.storyboard in Resources */ = {isa = PBXBuildFile; fileRef = 84A26B531AAEE30F005A563E /* Main.storyboard */; };
		84A26B571AAEE30F005A563E /* Images.xcassets in Resources */ = {isa = PBXBuildFile; fileRef = 84A26B561AAEE30F005A563E /* Images.xcassets */; };
		84A26B5A1AAEE30F005A563E /* LaunchScreen.xib in Resources */ = {isa = PBXBuildFile; fileRef = 84A26B581AAEE30F005A563E /* LaunchScreen.xib */; };
		84A26B661AAEE30F005A563E /* tableViewDemoTests.swift in Sources */ = {isa = PBXBuildFile; fileRef = 84A26B651AAEE30F005A563E /* tableViewDemoTests.swift */; };
/* End PBXBuildFile section */

/* Begin PBXContainerItemProxy section */
		84A26B601AAEE30F005A563E /* PBXContainerItemProxy */ = {
			isa = PBXContainerItemProxy;
			containerPortal = 84A26B421AAEE30F005A563E /* Project object */;
			proxyType = 1;
			remoteGlobalIDString = 84A26B491AAEE30F005A563E;
			remoteInfo = tableViewDemo;
		};
/* End PBXContainerItemProxy section */

/* Begin PBXFileReference section */
		84A26B4A1AAEE30F005A563E /* tableViewDemo.app */ = {isa = PBXFileReference; explicitFileType = wrapper.application; includeInIndex = 0; path = tableViewDemo.app; sourceTree = BUILT_PRODUCTS_DIR; };
		84A26B4E1AAEE30F005A563E /* Info.plist */ = {isa = PBXFileReference; lastKnownFileType = text.plist.xml; path = Info.plist; sourceTree = "<group>"; };
		84A26B4F1AAEE30F005A563E /* AppDelegate.swift */ = {isa = PBXFileReference; lastKnownFileType = sourcecode.swift; path = AppDelegate.swift; sourceTree = "<group>"; };
		84A26B511AAEE30F005A563E /* ViewController.swift */ = {isa = PBXFileReference; lastKnownFileType = sourcecode.swift; path = ViewController.swift; sourceTree = "<group>"; };
		84A26B541AAEE30F005A563E /* Base */ = {isa = PBXFileReference; lastKnownFileType = file.storyboard; name = Base; path = Base.lproj/Main.storyboard; sourceTree = "<group>"; };
		84A26B561AAEE30F005A563E /* Images.xcassets */ = {isa = PBXFileReference; lastKnownFileType = folder.assetcatalog; path = Images.xcassets; sourceTree = "<group>"; };
		84A26B591AAEE30F005A563E /* Base */ = {isa = PBXFileReference; lastKnownFileType = file.xib; name = Base; path = Base.lproj/LaunchScreen.xib; sourceTree = "<group>"; };
		84A26B5F1AAEE30F005A563E /* tableViewDemoTests.xctest */ = {isa = PBXFileReference; explicitFileType = wrapper.cfbundle; includeInIndex = 0; path = tableViewDemoTests.xctest; sourceTree = BUILT_PRODUCTS_DIR; };
		84A26B641AAEE30F005A563E /* Info.plist */ = {isa = PBXFileReference; lastKnownFileType = text.plist.xml; path = Info.plist; sourceTree = "<group>"; };
		84A26B651AAEE30F005A563E /* tableViewDemoTests.swift */ = {isa = PBXFileReference; lastKnownFileType = sourcecode.swift; path = tableViewDemoTests.swift; sourceTree = "<group>"; };
/* End PBXFileReference section */

/* Begin PBXFrameworksBuildPhase section */
		84A26B471AAEE30F005A563E /* Frameworks */ = {
			isa = PBXFrameworksBuildPhase;
			buildActionMask = 2147483647;
			files = (
			);
			runOnlyForDeploymentPostprocessing = 0;
		};
		84A26B5C1AAEE30F005A563E /* Frameworks */ = {
			isa = PBXFrameworksBuildPhase;
			buildActionMask = 2147483647;
			files = (
			);
			runOnlyForDeploymentPostprocessing = 0;
		};
/* End PBXFrameworksBuildPhase section */

/* Begin PBXGroup section */
		84A26B411AAEE30F005A563E = {
			isa = PBXGroup;
			children = (
				84A26B4C1AAEE30F005A563E /* tableViewDemo */,
				84A26B621AAEE30F005A563E /* tableViewDemoTests */,
				84A26B4B1AAEE30F005A563E /* Products */,
			);
			sourceTree = "<group>";
		};
		84A26B4B1AAEE30F005A563E /* Products */ = {
			isa = PBXGroup;
			children = (
				84A26B4A1AAEE30F005A563E /* tableViewDemo.app */,
				84A26B5F1AAEE30F005A563E /* tableViewDemoTests.xctest */,
			);
			name = Products;
			sourceTree = "<group>";
		};
		84A26B4C1AAEE30F005A563E /* tableViewDemo */ = {
			isa = PBXGroup;
			children = (
				84A26B4F1AAEE30F005A563E /* AppDelegate.swift */,
				84A26B511AAEE30F005A563E /* ViewController.swift */,
				84A26B531AAEE30F005A563E /* Main.storyboard */,
				84A26B561AAEE30F005A563E /* Images.xcassets */,
				84A26B581AAEE30F005A563E /* LaunchScreen.xib */,
				84A26B4D1AAEE30F005A563E /* Supporting Files */,
			);
			path = tableViewDemo;
			sourceTree = "<group>";
		};
		84A26B4D1AAEE30F005A563E /* Supporting Files */ = {
			isa = PBXGroup;
			children = (
				84A26B4E1AAEE30F005A563E /* Info.plist */,
			);
			name = "Supporting Files";
			sourceTree = "<group>";
		};
		84A26B621AAEE30F005A563E /* tableViewDemoTests */ = {
			isa = PBXGroup;
			children = (
				84A26B651AAEE30F005A563E /* tableViewDemoTests.swift */,
				84A26B631AAEE30F005A563E /* Supporting Files */,
			);
			path = tableViewDemoTests;
			sourceTree = "<group>";
		};
		84A26B631AAEE30F005A563E /* Supporting Files */ = {
			isa = PBXGroup;
			children = (
				84A26B641AAEE30F005A563E /* Info.plist */,
			);
			name = "Supporting Files";
			sourceTree = "<group>";
		};
/* End PBXGroup section */

/* Begin PBXNativeTarget section */
		84A26B491AAEE30F005A563E /* tableViewDemo */ = {
			isa = PBXNativeTarget;
			buildConfigurationList = 84A26B691AAEE30F005A563E /* Build configuration list for PBXNativeTarget "tableViewDemo" */;
			buildPhases = (
				84A26B461AAEE30F005A563E /* Sources */,
				84A26B471AAEE30F005A563E /* Frameworks */,
				84A26B481AAEE30F005A563E /* Resources */,
			);
			buildRules = (
			);
			dependencies = (
			);
			name = tableViewDemo;
			productName = tableViewDemo;
			productReference = 84A26B4A1AAEE30F005A563E /* tableViewDemo.app */;
			productType = "com.apple.product-type.application";
		};
		84A26B5E1AAEE30F005A563E /* tableViewDemoTests */ = {
			isa = PBXNativeTarget;
			buildConfigurationList = 84A26B6C1AAEE30F005A563E /* Build configuration list for PBXNativeTarget "tableViewDemoTests" */;
			buildPhases = (
				84A26B5B1AAEE30F005A563E /* Sources */,
				84A26B5C1AAEE30F005A563E /* Frameworks */,
				84A26B5D1AAEE30F005A563E /* Resources */,
			);
			buildRules = (
			);
			dependencies = (
				84A26B611AAEE30F005A563E /* PBXTargetDependency */,
			);
			name = tableViewDemoTests;
			productName = tableViewDemoTests;
			productReference = 84A26B5F1AAEE30F005A563E /* tableViewDemoTests.xctest */;
			productType = "com.apple.product-type.bundle.unit-test";
		};
/* End PBXNativeTarget section */

/* Begin PBXProject section */
		84A26B421AAEE30F005A563E /* Project object */ = {
			isa = PBXProject;
			attributes = {
				LastUpgradeCheck = 0610;
				ORGANIZATIONNAME = azad.azad;
				TargetAttributes = {
					84A26B491AAEE30F005A563E = {
						CreatedOnToolsVersion = 6.1.1;
					};
					84A26B5E1AAEE30F005A563E = {
						CreatedOnToolsVersion = 6.1.1;
						TestTargetID = 84A26B491AAEE30F005A563E;
					};
				};
			};
			buildConfigurationList = 84A26B451AAEE30F005A563E /* Build configuration list for PBXProject "tableViewDemo" */;
			compatibilityVersion = "Xcode 3.2";
			developmentRegion = English;
			hasScannedForEncodings = 0;
			knownRegions = (
				en,
				Base,
			);
			mainGroup = 84A26B411AAEE30F005A563E;
			productRefGroup = 84A26B4B1AAEE30F005A563E /* Products */;
			projectDirPath = "";
			projectRoot = "";
			targets = (
				84A26B491AAEE30F005A563E /* tableViewDemo */,
				84A26B5E1AAEE30F005A563E /* tableViewDemoTests */,
			);
		};
/* End PBXProject section */

/* Begin PBXResourcesBuildPhase section */
		84A26B481AAEE30F005A563E /* Resources */ = {
			isa = PBXResourcesBuildPhase;
			buildActionMask = 2147483647;
			files = (
				84A26B551AAEE30F005A563E /* Main.storyboard in Resources */,
				84A26B5A1AAEE30F005A563E /* LaunchScreen.xib in Resources */,
				84A26B571AAEE30F005A563E /* Images.xcassets in Resources */,
			);
			runOnlyForDeploymentPostprocessing = 0;
		};
		84A26B5D1AAEE30F005A563E /* Resources */ = {
			isa = PBXResourcesBuildPhase;
			buildActionMask = 2147483647;
			files = (
			);
			runOnlyForDeploymentPostprocessing = 0;
		};
/* End PBXResourcesBuildPhase section */

/* Begin PBXSourcesBuildPhase section */
		84A26B461AAEE30F005A563E /* Sources */ = {
			isa = PBXSourcesBuildPhase;
			buildActionMask = 2147483647;
			files = (
				84A26B521AAEE30F005A563E /* ViewController.swift in Sources */,
				84A26B501AAEE30F005A563E /* AppDelegate.swift in Sources */,
			);
			runOnlyForDeploymentPostprocessing = 0;
		};
		84A26B5B1AAEE30F005A563E /* Sources */ = {
			isa = PBXSourcesBuildPhase;
			buildActionMask = 2147483647;
			files = (
				84A26B661AAEE30F005A563E /* tableViewDemoTests.swift in Sources */,
			);
			runOnlyForDeploymentPostprocessing = 0;
		};
/* End PBXSourcesBuildPhase section */

/* Begin PBXTargetDependency section */
		84A26B611AAEE30F005A563E /* PBXTargetDependency */ = {
			isa = PBXTargetDependency;
			target = 84A26B491AAEE30F005A563E /* tableViewDemo */;
			targetProxy = 84A26B601AAEE30F005A563E /* PBXContainerItemProxy */;
		};
/* End PBXTargetDependency section */

/* Begin PBXVariantGroup section */
		84A26B531AAEE30F005A563E /* Main.storyboard */ = {
			isa = PBXVariantGroup;
			children = (
				84A26B541AAEE30F005A563E /* Base */,
			);
			name = Main.storyboard;
			sourceTree = "<group>";
		};
		84A26B581AAEE30F005A563E /* LaunchScreen.xib */ = {
			isa = PBXVariantGroup;
			children = (
				84A26B591AAEE30F005A563E /* Base */,
			);
			name = LaunchScreen.xib;
			sourceTree = "<group>";
		};
/* End PBXVariantGroup section */

/* Begin XCBuildConfiguration section */
		84A26B671AAEE30F005A563E /* Debug */ = {
			isa = XCBuildConfiguration;
			buildSettings = {
				ALWAYS_SEARCH_USER_PATHS = NO;
				CLANG_CXX_LANGUAGE_STANDARD = "gnu++0x";
				CLANG_CXX_LIBRARY = "libc++";
				CLANG_ENABLE_MODULES = YES;
				CLANG_ENABLE_OBJC_ARC = YES;
				CLANG_WARN_BOOL_CONVERSION = YES;
				CLANG_WARN_CONSTANT_CONVERSION = YES;
				CLANG_WARN_DIRECT_OBJC_ISA_USAGE = YES_ERROR;
				CLANG_WARN_EMPTY_BODY = YES;
				CLANG_WARN_ENUM_CONVERSION = YES;
				CLANG_WARN_INT_CONVERSION = YES;
				CLANG_WARN_OBJC_ROOT_CLASS = YES_ERROR;
				CLANG_WARN_UNREACHABLE_CODE = YES;
				CLANG_WARN__DUPLICATE_METHOD_MATCH = YES;
				"CODE_SIGN_IDENTITY[sdk=iphoneos*]" = "iPhone Developer";
				COPY_PHASE_STRIP = NO;
				ENABLE_STRICT_OBJC_MSGSEND = YES;
				GCC_C_LANGUAGE_STANDARD = gnu99;
				GCC_DYNAMIC_NO_PIC = NO;
				GCC_OPTIMIZATION_LEVEL = 0;
				GCC_PREPROCESSOR_DEFINITIONS = (
					"DEBUG=1",
					"$(inherited)",
				);
				GCC_SYMBOLS_PRIVATE_EXTERN = NO;
				GCC_WARN_64_TO_32_BIT_CONVERSION = YES;
				GCC_WARN_ABOUT_RETURN_TYPE = YES_ERROR;
				GCC_WARN_UNDECLARED_SELECTOR = YES;
				GCC_WARN_UNINITIALIZED_AUTOS = YES_AGGRESSIVE;
				GCC_WARN_UNUSED_FUNCTION = YES;
				GCC_WARN_UNUSED_VARIABLE = YES;
				IPHONEOS_DEPLOYMENT_TARGET = 8.1;
				MTL_ENABLE_DEBUG_INFO = YES;
				ONLY_ACTIVE_ARCH = YES;
				SDKROOT = iphoneos;
				SWIFT_OPTIMIZATION_LEVEL = "-Onone";
				TARGETED_DEVICE_FAMILY = "1,2";
			};
			name = Debug;
		};
		84A26B681AAEE30F005A563E /* Release */ = {
			isa = XCBuildConfiguration;
			buildSettings = {
				ALWAYS_SEARCH_USER_PATHS = NO;
				CLANG_CXX_LANGUAGE_STANDARD = "gnu++0x";
				CLANG_CXX_LIBRARY = "libc++";
				CLANG_ENABLE_MODULES = YES;
				CLANG_ENABLE_OBJC_ARC = YES;
				CLANG_WARN_BOOL_CONVERSION = YES;
				CLANG_WARN_CONSTANT_CONVERSION = YES;
				CLANG_WARN_DIRECT_OBJC_ISA_USAGE = YES_ERROR;
				CLANG_WARN_EMPTY_BODY = YES;
				CLANG_WARN_ENUM_CONVERSION = YES;
				CLANG_WARN_INT_CONVERSION = YES;
				CLANG_WARN_OBJC_ROOT_CLASS = YES_ERROR;
				CLANG_WARN_UNREACHABLE_CODE = YES;
				CLANG_WARN__DUPLICATE_METHOD_MATCH = YES;
				"CODE_SIGN_IDENTITY[sdk=iphoneos*]" = "iPhone Developer";
				COPY_PHASE_STRIP = YES;
				ENABLE_NS_ASSERTIONS = NO;
				ENABLE_STRICT_OBJC_MSGSEND = YES;
				GCC_C_LANGUAGE_STANDARD = gnu99;
				GCC_WARN_64_TO_32_BIT_CONVERSION = YES;
				GCC_WARN_ABOUT_RETURN_TYPE = YES_ERROR;
				GCC_WARN_UNDECLARED_SELECTOR = YES;
				GCC_WARN_UNINITIALIZED_AUTOS = YES_AGGRESSIVE;
				GCC_WARN_UNUSED_FUNCTION = YES;
				GCC_WARN_UNUSED_VARIABLE = YES;
				IPHONEOS_DEPLOYMENT_TARGET = 8.1;
				MTL_ENABLE_DEBUG_INFO = NO;
				SDKROOT = iphoneos;
				TARGETED_DEVICE_FAMILY = "1,2";
				VALIDATE_PRODUCT = YES;
			};
			name = Release;
		};
		84A26B6A1AAEE30F005A563E /* Debug */ = {
			isa = XCBuildConfiguration;
			buildSettings = {
				ASSETCATALOG_COMPILER_APPICON_NAME = AppIcon;
				INFOPLIST_FILE = tableViewDemo/Info.plist;
				LD_RUNPATH_SEARCH_PATHS = "$(inherited) @executable_path/Frameworks";
				PRODUCT_NAME = "$(TARGET_NAME)";
			};
			name = Debug;
		};
		84A26B6B1AAEE30F005A563E /* Release */ = {
			isa = XCBuildConfiguration;
			buildSettings = {
				ASSETCATALOG_COMPILER_APPICON_NAME = AppIcon;
				INFOPLIST_FILE = tableViewDemo/Info.plist;
				LD_RUNPATH_SEARCH_PATHS = "$(inherited) @executable_path/Frameworks";
				PRODUCT_NAME = "$(TARGET_NAME)";
			};
			name = Release;
		};
		84A26B6D1AAEE30F005A563E /* Debug */ = {
			isa = XCBuildConfiguration;
			buildSettings = {
				BUNDLE_LOADER = "$(TEST_HOST)";
				FRAMEWORK_SEARCH_PATHS = (
					"$(SDKROOT)/Developer/Library/Frameworks",
					"$(inherited)",
				);
				GCC_PREPROCESSOR_DEFINITIONS = (
					"DEBUG=1",
					"$(inherited)",
				);
				INFOPLIST_FILE = tableViewDemoTests/Info.plist;
				LD_RUNPATH_SEARCH_PATHS = "$(inherited) @executable_path/Frameworks @loader_path/Frameworks";
				PRODUCT_NAME = "$(TARGET_NAME)";
				TEST_HOST = "$(BUILT_PRODUCTS_DIR)/tableViewDemo.app/tableViewDemo";
			};
			name = Debug;
		};
		84A26B6E1AAEE30F005A563E /* Release */ = {
			isa = XCBuildConfiguration;
			buildSettings = {
				BUNDLE_LOADER = "$(TEST_HOST)";
				FRAMEWORK_SEARCH_PATHS = (
					"$(SDKROOT)/Developer/Library/Frameworks",
					"$(inherited)",
				);
				INFOPLIST_FILE = tableViewDemoTests/Info.plist;
				LD_RUNPATH_SEARCH_PATHS = "$(inherited) @executable_path/Frameworks @loader_path/Frameworks";
				PRODUCT_NAME = "$(TARGET_NAME)";
				TEST_HOST = "$(BUILT_PRODUCTS_DIR)/tableViewDemo.app/tableViewDemo";
			};
			name = Release;
		};
/* End XCBuildConfiguration section */

/* Begin XCConfigurationList section */
		84A26B451AAEE30F005A563E /* Build configuration list for PBXProject "tableViewDemo" */ = {
			isa = XCConfigurationList;
			buildConfigurations = (
				84A26B671AAEE30F005A563E /* Debug */,
				84A26B681AAEE30F005A563E /* Release */,
			);
			defaultConfigurationIsVisible = 0;
			defaultConfigurationName = Release;
		};
		84A26B691AAEE30F005A563E /* Build configuration list for PBXNativeTarget "tableViewDemo" */ = {
			isa = XCConfigurationList;
			buildConfigurations = (
				84A26B6A1AAEE30F005A563E /* Debug */,
				84A26B6B1AAEE30F005A563E /* Release */,
			);
			defaultConfigurationIsVisible = 0;
		};
		84A26B6C1AAEE30F005A563E /* Build configuration list for PBXNativeTarget "tableViewDemoTests" */ = {
			isa = XCConfigurationList;
			buildConfigurations = (
				84A26B6D1AAEE30F005A563E /* Debug */,
				84A26B6E1AAEE30F005A563E /* Release */,
			);
			defaultConfigurationIsVisible = 0;
		};
/* End XCConfigurationList section */
	};
	rootObject = 84A26B421AAEE30F005A563E /* Project object */;
}
